
Microsoft Visual Studio Solution File, Format Version 12.00
# Visual Studio Version 17
VisualStudioVersion = 17.10.34928.147
MinimumVisualStudioVersion = 10.0.40219.1
Project("{FAE04EC0-301F-11D3-BF4B-00C04F79EFBC}") = "Datos", "Datos\Datos.csproj", "{DF16777D-106A-416B-B9CF-67AC6BE332C6}"
EndProject
Project("{FAE04EC0-301F-11D3-BF4B-00C04F79EFBC}") = "Entidades", "Entidades\Entidades.csproj", "{3720B000-88D6-4636-BC55-80C3CDB93535}"
EndProject
Project("{FAE04EC0-301F-11D3-BF4B-00C04F79EFBC}") = "Negocios", "Negocios\Negocios.csproj", "{D5A29177-AB00-4C88-B6EB-1069D231232D}"
EndProject
Project("{FAE04EC0-301F-11D3-BF4B-00C04F79EFBC}") = "Presentacion", "Presentacion\Presentacion.csproj", "{54C9E697-CF25-443C-9D02-E8F60CAD369A}"
EndProject
Global
	GlobalSection(SolutionConfigurationPlatforms) = preSolution
		Debug|Any CPU = Debug|Any CPU
		Release|Any CPU = Release|Any CPU
	EndGlobalSection
	GlobalSection(ProjectConfigurationPlatforms) = postSolution
		{DF16777D-106A-416B-B9CF-67AC6BE332C6}.Debug|Any CPU.ActiveCfg = Debug|Any CPU
		{DF16777D-106A-416B-B9CF-67AC6BE332C6}.Debug|Any CPU.Build.0 = Debug|Any CPU
		{DF16777D-106A-416B-B9CF-67AC6BE332C6}.Release|Any CPU.ActiveCfg = Release|Any CPU
		{DF16777D-106A-416B-B9CF-67AC6BE332C6}.Release|Any CPU.Build.0 = Release|Any CPU
		{3720B000-88D6-4636-BC55-80C3CDB93535}.Debug|Any CPU.ActiveCfg = Debug|Any CPU
		{3720B000-88D6-4636-BC55-80C3CDB93535}.Debug|Any CPU.Build.0 = Debug|Any CPU
		{3720B000-88D6-4636-BC55-80C3CDB93535}.Release|Any CPU.ActiveCfg = Release|Any CPU
		{3720B000-88D6-4636-BC55-80C3CDB93535}.Release|Any CPU.Build.0 = Release|Any CPU
		{D5A29177-AB00-4C88-B6EB-1069D231232D}.Debug|Any CPU.ActiveCfg = Debug|Any CPU
		{D5A29177-AB00-4C88-B6EB-1069D231232D}.Debug|Any CPU.Build.0 = Debug|Any CPU
		{D5A29177-AB00-4C88-B6EB-1069D231232D}.Release|Any CPU.ActiveCfg = Release|Any CPU
		{D5A29177-AB00-4C88-B6EB-1069D231232D}.Release|Any CPU.Build.0 = Release|Any CPU
		{54C9E697-CF25-443C-9D02-E8F60CAD369A}.Debug|Any CPU.ActiveCfg = Debug|Any CPU
		{54C9E697-CF25-443C-9D02-E8F60CAD369A}.Debug|Any CPU.Build.0 = Debug|Any CPU
		{54C9E697-CF25-443C-9D02-E8F60CAD369A}.Release|Any CPU.ActiveCfg = Release|Any CPU
		{54C9E697-CF25-443C-9D02-E8F60CAD369A}.Release|Any CPU.Build.0 = Release|Any CPU
	EndGlobalSection
	GlobalSection(SolutionProperties) = preSolution
		HideSolutionNode = FALSE
	EndGlobalSection
	GlobalSection(ExtensibilityGlobals) = postSolution
		SolutionGuid = {F091C2DF-6268-49E7-A1FF-AA71F18D81D7}
	EndGlobalSection
EndGlobal
